
Microsoft Visual Studio Solution File, Format Version 12.00
# Visual Studio Version 17
VisualStudioVersion = 17.5.002.0
MinimumVisualStudioVersion = 10.0.40219.1
Project("{9A19103F-16F7-4668-BE54-9A1E7A4F7556}") = "DesafioFundamentos", "DesafioFundamentos.csproj", "{77AD9C94-8DB8-4F69-80A2-9FB69331EFBD}"
EndProject
Global
	GlobalSection(SolutionConfigurationPlatforms) = preSolution
		Debug|Any CPU = Debug|Any CPU
		Release|Any CPU = Release|Any CPU
	EndGlobalSection
	GlobalSection(ProjectConfigurationPlatforms) = postSolution
		{77AD9C94-8DB8-4F69-80A2-9FB69331EFBD}.Debug|Any CPU.ActiveCfg = Debug|Any CPU
		{77AD9C94-8DB8-4F69-80A2-9FB69331EFBD}.Debug|Any CPU.Build.0 = Debug|Any CPU
		{77AD9C94-8DB8-4F69-80A2-9FB69331EFBD}.Release|Any CPU.ActiveCfg = Release|Any CPU
		{77AD9C94-8DB8-4F69-80A2-9FB69331EFBD}.Release|Any CPU.Build.0 = Release|Any CPU
	EndGlobalSection
	GlobalSection(SolutionProperties) = preSolution
		HideSolutionNode = FALSE
	EndGlobalSection
	GlobalSection(ExtensibilityGlobals) = postSolution
		SolutionGuid = {0E8EDF20-2A71-469F-845C-0879EEEC8BB3}
	EndGlobalSection
EndGlobal
